
Microsoft Visual Studio Solution File, Format Version 12.00
# Visual Studio Version 17
VisualStudioVersion = 17.8.34511.84
MinimumVisualStudioVersion = 10.0.40219.1
Project("{2150E333-8FDC-42A3-9474-1A3956D46DE8}") = "Source", "Source", "{9DC941DF-609B-4819-B955-5EB58F52223D}"
EndProject
Project("{2150E333-8FDC-42A3-9474-1A3956D46DE8}") = "Backend", "Backend", "{B0AD3771-23CD-44B0-9595-F87ECCA530B7}"
EndProject
Project("{2150E333-8FDC-42A3-9474-1A3956D46DE8}") = "Platforms", "Platforms", "{D3B42F95-57BD-4FB3-ADFC-07CEABD98E18}"
EndProject
Project("{2150E333-8FDC-42A3-9474-1A3956D46DE8}") = "Tests", "Tests", "{452D599F-BA66-4B2A-BA57-02958AE57C49}"
EndProject
Project("{9A19103F-16F7-4668-BE54-9A1E7A4F7556}") = "CondoManagementSystem.DataContracts", "CondoManagementSystem.DataContracts\CondoManagementSystem.DataContracts.csproj", "{43FAF8AC-A8B7-4CFC-A9ED-B48B2B7C7872}"
EndProject
Project("{9A19103F-16F7-4668-BE54-9A1E7A4F7556}") = "CondoManagementSystem", "CondoManagementSystem\CondoManagementSystem.csproj", "{28251D3C-CA25-400E-B0AB-053EEE55D094}"
EndProject
Project("{9A19103F-16F7-4668-BE54-9A1E7A4F7556}") = "CondoManagementSystem.Tests", "CondoManagementSystem.Tests\CondoManagementSystem.Tests.csproj", "{1BAB0115-17D0-454B-BB64-730639F5F9D3}"
EndProject
Project("{9A19103F-16F7-4668-BE54-9A1E7A4F7556}") = "CondoManagementSystem.UITests", "CondoManagementSystem.UITests\CondoManagementSystem.UITests.csproj", "{AC938032-BA3D-48B0-9ABF-0F342C552208}"
EndProject
Project("{9A19103F-16F7-4668-BE54-9A1E7A4F7556}") = "CondoManagementSystem.Shared", "CondoManagementSystem.Shared\CondoManagementSystem.Shared.csproj", "{3F8BAB9D-4357-47B5-84ED-47C98AC9E57C}"
EndProject
Project("{9A19103F-16F7-4668-BE54-9A1E7A4F7556}") = "CondoManagementSystem.Mobile", "CondoManagementSystem.Mobile\CondoManagementSystem.Mobile.csproj", "{08755B14-6EBC-4EAE-93A5-B5FE6ECBD900}"
EndProject
Project("{9A19103F-16F7-4668-BE54-9A1E7A4F7556}") = "CondoManagementSystem.Windows", "CondoManagementSystem.Windows\CondoManagementSystem.Windows.csproj", "{21B38852-8BEB-47C6-9625-830D63514A2F}"
EndProject
Project("{9A19103F-16F7-4668-BE54-9A1E7A4F7556}") = "CondoManagementSystem.Wasm", "CondoManagementSystem.Wasm\CondoManagementSystem.Wasm.csproj", "{EBF1B9FB-E96A-45B9-A7F4-6650BABA8F3C}"
EndProject
Project("{9A19103F-16F7-4668-BE54-9A1E7A4F7556}") = "CondoManagementSystem.Skia.Gtk", "CondoManagementSystem.Skia.Gtk\CondoManagementSystem.Skia.Gtk.csproj", "{02A4E456-2C1E-4EB4-8DA0-56985E59EAAB}"
EndProject
Project("{9A19103F-16F7-4668-BE54-9A1E7A4F7556}") = "CondoManagementSystem.Skia.Linux.FrameBuffer", "CondoManagementSystem.Skia.Linux.FrameBuffer\CondoManagementSystem.Skia.Linux.FrameBuffer.csproj", "{BCD79406-0F21-48C6-8E7A-B9A289A4CE82}"
EndProject
Project("{9A19103F-16F7-4668-BE54-9A1E7A4F7556}") = "CondoManagementSystem.Server", "CondoManagementSystem.Server\CondoManagementSystem.Server.csproj", "{E86EE0EC-2F78-42DC-A382-E28F69D35B15}"
EndProject
Project("{2150E333-8FDC-42A3-9474-1A3956D46DE8}") = "Solution Items", "Solution Items", "{EAB0050F-ADEA-4AEE-B4F7-DCF4AB801D6F}"
	ProjectSection(SolutionItems) = preProject
		.gitignore = .gitignore
		Directory.Build.props = Directory.Build.props
		Directory.Build.targets = Directory.Build.targets
		Directory.Packages.props = Directory.Packages.props
		solution-config.props.sample = solution-config.props.sample
	EndProjectSection
EndProject
Global
	GlobalSection(SolutionConfigurationPlatforms) = preSolution
		Debug|Any CPU = Debug|Any CPU
		Debug|arm64 = Debug|arm64
		Debug|x64 = Debug|x64
		Debug|x86 = Debug|x86
		Release|Any CPU = Release|Any CPU
		Release|arm64 = Release|arm64
		Release|x64 = Release|x64
		Release|x86 = Release|x86
	EndGlobalSection
	GlobalSection(ProjectConfigurationPlatforms) = postSolution
		{43FAF8AC-A8B7-4CFC-A9ED-B48B2B7C7872}.Debug|Any CPU.ActiveCfg = Debug|Any CPU
		{43FAF8AC-A8B7-4CFC-A9ED-B48B2B7C7872}.Debug|Any CPU.Build.0 = Debug|Any CPU
		{43FAF8AC-A8B7-4CFC-A9ED-B48B2B7C7872}.Debug|arm64.ActiveCfg = Debug|Any CPU
		{43FAF8AC-A8B7-4CFC-A9ED-B48B2B7C7872}.Debug|arm64.Build.0 = Debug|Any CPU
		{43FAF8AC-A8B7-4CFC-A9ED-B48B2B7C7872}.Debug|x64.ActiveCfg = Debug|Any CPU
		{43FAF8AC-A8B7-4CFC-A9ED-B48B2B7C7872}.Debug|x64.Build.0 = Debug|Any CPU
		{43FAF8AC-A8B7-4CFC-A9ED-B48B2B7C7872}.Debug|x86.ActiveCfg = Debug|Any CPU
		{43FAF8AC-A8B7-4CFC-A9ED-B48B2B7C7872}.Debug|x86.Build.0 = Debug|Any CPU
		{43FAF8AC-A8B7-4CFC-A9ED-B48B2B7C7872}.Release|Any CPU.ActiveCfg = Release|Any CPU
		{43FAF8AC-A8B7-4CFC-A9ED-B48B2B7C7872}.Release|Any CPU.Build.0 = Release|Any CPU
		{43FAF8AC-A8B7-4CFC-A9ED-B48B2B7C7872}.Release|arm64.ActiveCfg = Release|Any CPU
		{43FAF8AC-A8B7-4CFC-A9ED-B48B2B7C7872}.Release|arm64.Build.0 = Release|Any CPU
		{43FAF8AC-A8B7-4CFC-A9ED-B48B2B7C7872}.Release|x64.ActiveCfg = Release|Any CPU
		{43FAF8AC-A8B7-4CFC-A9ED-B48B2B7C7872}.Release|x64.Build.0 = Release|Any CPU
		{43FAF8AC-A8B7-4CFC-A9ED-B48B2B7C7872}.Release|x86.ActiveCfg = Release|Any CPU
		{43FAF8AC-A8B7-4CFC-A9ED-B48B2B7C7872}.Release|x86.Build.0 = Release|Any CPU
		{28251D3C-CA25-400E-B0AB-053EEE55D094}.Debug|Any CPU.ActiveCfg = Debug|Any CPU
		{28251D3C-CA25-400E-B0AB-053EEE55D094}.Debug|Any CPU.Build.0 = Debug|Any CPU
		{28251D3C-CA25-400E-B0AB-053EEE55D094}.Debug|arm64.ActiveCfg = Debug|Any CPU
		{28251D3C-CA25-400E-B0AB-053EEE55D094}.Debug|arm64.Build.0 = Debug|Any CPU
		{28251D3C-CA25-400E-B0AB-053EEE55D094}.Debug|x64.ActiveCfg = Debug|Any CPU
		{28251D3C-CA25-400E-B0AB-053EEE55D094}.Debug|x64.Build.0 = Debug|Any CPU
		{28251D3C-CA25-400E-B0AB-053EEE55D094}.Debug|x86.ActiveCfg = Debug|Any CPU
		{28251D3C-CA25-400E-B0AB-053EEE55D094}.Debug|x86.Build.0 = Debug|Any CPU
		{28251D3C-CA25-400E-B0AB-053EEE55D094}.Release|Any CPU.ActiveCfg = Release|Any CPU
		{28251D3C-CA25-400E-B0AB-053EEE55D094}.Release|Any CPU.Build.0 = Release|Any CPU
		{28251D3C-CA25-400E-B0AB-053EEE55D094}.Release|arm64.ActiveCfg = Release|Any CPU
		{28251D3C-CA25-400E-B0AB-053EEE55D094}.Release|arm64.Build.0 = Release|Any CPU
		{28251D3C-CA25-400E-B0AB-053EEE55D094}.Release|x64.ActiveCfg = Release|Any CPU
		{28251D3C-CA25-400E-B0AB-053EEE55D094}.Release|x64.Build.0 = Release|Any CPU
		{28251D3C-CA25-400E-B0AB-053EEE55D094}.Release|x86.ActiveCfg = Release|Any CPU
		{28251D3C-CA25-400E-B0AB-053EEE55D094}.Release|x86.Build.0 = Release|Any CPU
		{1BAB0115-17D0-454B-BB64-730639F5F9D3}.Debug|Any CPU.ActiveCfg = Debug|Any CPU
		{1BAB0115-17D0-454B-BB64-730639F5F9D3}.Debug|Any CPU.Build.0 = Debug|Any CPU
		{1BAB0115-17D0-454B-BB64-730639F5F9D3}.Debug|arm64.ActiveCfg = Debug|Any CPU
		{1BAB0115-17D0-454B-BB64-730639F5F9D3}.Debug|arm64.Build.0 = Debug|Any CPU
		{1BAB0115-17D0-454B-BB64-730639F5F9D3}.Debug|x64.ActiveCfg = Debug|Any CPU
		{1BAB0115-17D0-454B-BB64-730639F5F9D3}.Debug|x64.Build.0 = Debug|Any CPU
		{1BAB0115-17D0-454B-BB64-730639F5F9D3}.Debug|x86.ActiveCfg = Debug|Any CPU
		{1BAB0115-17D0-454B-BB64-730639F5F9D3}.Debug|x86.Build.0 = Debug|Any CPU
		{1BAB0115-17D0-454B-BB64-730639F5F9D3}.Release|Any CPU.ActiveCfg = Release|Any CPU
		{1BAB0115-17D0-454B-BB64-730639F5F9D3}.Release|Any CPU.Build.0 = Release|Any CPU
		{1BAB0115-17D0-454B-BB64-730639F5F9D3}.Release|arm64.ActiveCfg = Release|Any CPU
		{1BAB0115-17D0-454B-BB64-730639F5F9D3}.Release|arm64.Build.0 = Release|Any CPU
		{1BAB0115-17D0-454B-BB64-730639F5F9D3}.Release|x64.ActiveCfg = Release|Any CPU
		{1BAB0115-17D0-454B-BB64-730639F5F9D3}.Release|x64.Build.0 = Release|Any CPU
		{1BAB0115-17D0-454B-BB64-730639F5F9D3}.Release|x86.ActiveCfg = Release|Any CPU
		{1BAB0115-17D0-454B-BB64-730639F5F9D3}.Release|x86.Build.0 = Release|Any CPU
		{AC938032-BA3D-48B0-9ABF-0F342C552208}.Debug|Any CPU.ActiveCfg = Debug|Any CPU
		{AC938032-BA3D-48B0-9ABF-0F342C552208}.Debug|Any CPU.Build.0 = Debug|Any CPU
		{AC938032-BA3D-48B0-9ABF-0F342C552208}.Debug|arm64.ActiveCfg = Debug|Any CPU
		{AC938032-BA3D-48B0-9ABF-0F342C552208}.Debug|arm64.Build.0 = Debug|Any CPU
		{AC938032-BA3D-48B0-9ABF-0F342C552208}.Debug|x64.ActiveCfg = Debug|Any CPU
		{AC938032-BA3D-48B0-9ABF-0F342C552208}.Debug|x64.Build.0 = Debug|Any CPU
		{AC938032-BA3D-48B0-9ABF-0F342C552208}.Debug|x86.ActiveCfg = Debug|Any CPU
		{AC938032-BA3D-48B0-9ABF-0F342C552208}.Debug|x86.Build.0 = Debug|Any CPU
		{AC938032-BA3D-48B0-9ABF-0F342C552208}.Release|Any CPU.ActiveCfg = Release|Any CPU
		{AC938032-BA3D-48B0-9ABF-0F342C552208}.Release|Any CPU.Build.0 = Release|Any CPU
		{AC938032-BA3D-48B0-9ABF-0F342C552208}.Release|arm64.ActiveCfg = Release|Any CPU
		{AC938032-BA3D-48B0-9ABF-0F342C552208}.Release|arm64.Build.0 = Release|Any CPU
		{AC938032-BA3D-48B0-9ABF-0F342C552208}.Release|x64.ActiveCfg = Release|Any CPU
		{AC938032-BA3D-48B0-9ABF-0F342C552208}.Release|x64.Build.0 = Release|Any CPU
		{AC938032-BA3D-48B0-9ABF-0F342C552208}.Release|x86.ActiveCfg = Release|Any CPU
		{AC938032-BA3D-48B0-9ABF-0F342C552208}.Release|x86.Build.0 = Release|Any CPU
		{3F8BAB9D-4357-47B5-84ED-47C98AC9E57C}.Debug|Any CPU.ActiveCfg = Debug|Any CPU
		{3F8BAB9D-4357-47B5-84ED-47C98AC9E57C}.Debug|Any CPU.Build.0 = Debug|Any CPU
		{3F8BAB9D-4357-47B5-84ED-47C98AC9E57C}.Debug|arm64.ActiveCfg = Debug|Any CPU
		{3F8BAB9D-4357-47B5-84ED-47C98AC9E57C}.Debug|arm64.Build.0 = Debug|Any CPU
		{3F8BAB9D-4357-47B5-84ED-47C98AC9E57C}.Debug|x64.ActiveCfg = Debug|Any CPU
		{3F8BAB9D-4357-47B5-84ED-47C98AC9E57C}.Debug|x64.Build.0 = Debug|Any CPU
		{3F8BAB9D-4357-47B5-84ED-47C98AC9E57C}.Debug|x86.ActiveCfg = Debug|Any CPU
		{3F8BAB9D-4357-47B5-84ED-47C98AC9E57C}.Debug|x86.Build.0 = Debug|Any CPU
		{3F8BAB9D-4357-47B5-84ED-47C98AC9E57C}.Release|Any CPU.ActiveCfg = Release|Any CPU
		{3F8BAB9D-4357-47B5-84ED-47C98AC9E57C}.Release|Any CPU.Build.0 = Release|Any CPU
		{3F8BAB9D-4357-47B5-84ED-47C98AC9E57C}.Release|arm64.ActiveCfg = Release|Any CPU
		{3F8BAB9D-4357-47B5-84ED-47C98AC9E57C}.Release|arm64.Build.0 = Release|Any CPU
		{3F8BAB9D-4357-47B5-84ED-47C98AC9E57C}.Release|x64.ActiveCfg = Release|Any CPU
		{3F8BAB9D-4357-47B5-84ED-47C98AC9E57C}.Release|x64.Build.0 = Release|Any CPU
		{3F8BAB9D-4357-47B5-84ED-47C98AC9E57C}.Release|x86.ActiveCfg = Release|Any CPU
		{3F8BAB9D-4357-47B5-84ED-47C98AC9E57C}.Release|x86.Build.0 = Release|Any CPU
		{08755B14-6EBC-4EAE-93A5-B5FE6ECBD900}.Debug|Any CPU.ActiveCfg = Debug|Any CPU
		{08755B14-6EBC-4EAE-93A5-B5FE6ECBD900}.Debug|Any CPU.Build.0 = Debug|Any CPU
		{08755B14-6EBC-4EAE-93A5-B5FE6ECBD900}.Debug|Any CPU.Deploy.0 = Debug|Any CPU
		{08755B14-6EBC-4EAE-93A5-B5FE6ECBD900}.Debug|arm64.ActiveCfg = Debug|Any CPU
		{08755B14-6EBC-4EAE-93A5-B5FE6ECBD900}.Debug|arm64.Build.0 = Debug|Any CPU
		{08755B14-6EBC-4EAE-93A5-B5FE6ECBD900}.Debug|arm64.Deploy.0 = Debug|Any CPU
		{08755B14-6EBC-4EAE-93A5-B5FE6ECBD900}.Debug|x64.ActiveCfg = Debug|Any CPU
		{08755B14-6EBC-4EAE-93A5-B5FE6ECBD900}.Debug|x64.Build.0 = Debug|Any CPU
		{08755B14-6EBC-4EAE-93A5-B5FE6ECBD900}.Debug|x64.Deploy.0 = Debug|Any CPU
		{08755B14-6EBC-4EAE-93A5-B5FE6ECBD900}.Debug|x86.ActiveCfg = Debug|Any CPU
		{08755B14-6EBC-4EAE-93A5-B5FE6ECBD900}.Debug|x86.Build.0 = Debug|Any CPU
		{08755B14-6EBC-4EAE-93A5-B5FE6ECBD900}.Debug|x86.Deploy.0 = Debug|Any CPU
		{08755B14-6EBC-4EAE-93A5-B5FE6ECBD900}.Release|Any CPU.ActiveCfg = Release|Any CPU
		{08755B14-6EBC-4EAE-93A5-B5FE6ECBD900}.Release|Any CPU.Build.0 = Release|Any CPU
		{08755B14-6EBC-4EAE-93A5-B5FE6ECBD900}.Release|Any CPU.Deploy.0 = Release|Any CPU
		{08755B14-6EBC-4EAE-93A5-B5FE6ECBD900}.Release|arm64.ActiveCfg = Release|Any CPU
		{08755B14-6EBC-4EAE-93A5-B5FE6ECBD900}.Release|arm64.Build.0 = Release|Any CPU
		{08755B14-6EBC-4EAE-93A5-B5FE6ECBD900}.Release|arm64.Deploy.0 = Release|Any CPU
		{08755B14-6EBC-4EAE-93A5-B5FE6ECBD900}.Release|x64.ActiveCfg = Release|Any CPU
		{08755B14-6EBC-4EAE-93A5-B5FE6ECBD900}.Release|x64.Build.0 = Release|Any CPU
		{08755B14-6EBC-4EAE-93A5-B5FE6ECBD900}.Release|x64.Deploy.0 = Release|Any CPU
		{08755B14-6EBC-4EAE-93A5-B5FE6ECBD900}.Release|x86.ActiveCfg = Release|Any CPU
		{08755B14-6EBC-4EAE-93A5-B5FE6ECBD900}.Release|x86.Build.0 = Release|Any CPU
		{08755B14-6EBC-4EAE-93A5-B5FE6ECBD900}.Release|x86.Deploy.0 = Release|Any CPU
		{21B38852-8BEB-47C6-9625-830D63514A2F}.Debug|Any CPU.ActiveCfg = Debug|x64
		{21B38852-8BEB-47C6-9625-830D63514A2F}.Debug|Any CPU.Build.0 = Debug|x64
		{21B38852-8BEB-47C6-9625-830D63514A2F}.Debug|Any CPU.Deploy.0 = Debug|x64
		{21B38852-8BEB-47C6-9625-830D63514A2F}.Debug|arm64.ActiveCfg = Debug|arm64
		{21B38852-8BEB-47C6-9625-830D63514A2F}.Debug|arm64.Build.0 = Debug|arm64
		{21B38852-8BEB-47C6-9625-830D63514A2F}.Debug|arm64.Deploy.0 = Debug|arm64
		{21B38852-8BEB-47C6-9625-830D63514A2F}.Debug|x64.ActiveCfg = Debug|x64
		{21B38852-8BEB-47C6-9625-830D63514A2F}.Debug|x64.Build.0 = Debug|x64
		{21B38852-8BEB-47C6-9625-830D63514A2F}.Debug|x64.Deploy.0 = Debug|x64
		{21B38852-8BEB-47C6-9625-830D63514A2F}.Debug|x86.ActiveCfg = Debug|x86
		{21B38852-8BEB-47C6-9625-830D63514A2F}.Debug|x86.Build.0 = Debug|x86
		{21B38852-8BEB-47C6-9625-830D63514A2F}.Debug|x86.Deploy.0 = Debug|x86
		{21B38852-8BEB-47C6-9625-830D63514A2F}.Release|Any CPU.ActiveCfg = Release|x64
		{21B38852-8BEB-47C6-9625-830D63514A2F}.Release|Any CPU.Build.0 = Release|x64
		{21B38852-8BEB-47C6-9625-830D63514A2F}.Release|Any CPU.Deploy.0 = Release|x64
		{21B38852-8BEB-47C6-9625-830D63514A2F}.Release|arm64.ActiveCfg = Release|arm64
		{21B38852-8BEB-47C6-9625-830D63514A2F}.Release|arm64.Build.0 = Release|arm64
		{21B38852-8BEB-47C6-9625-830D63514A2F}.Release|arm64.Deploy.0 = Release|arm64
		{21B38852-8BEB-47C6-9625-830D63514A2F}.Release|x64.ActiveCfg = Release|x64
		{21B38852-8BEB-47C6-9625-830D63514A2F}.Release|x64.Build.0 = Release|x64
		{21B38852-8BEB-47C6-9625-830D63514A2F}.Release|x64.Deploy.0 = Release|x64
		{21B38852-8BEB-47C6-9625-830D63514A2F}.Release|x86.ActiveCfg = Release|x86
		{21B38852-8BEB-47C6-9625-830D63514A2F}.Release|x86.Build.0 = Release|x86
		{21B38852-8BEB-47C6-9625-830D63514A2F}.Release|x86.Deploy.0 = Release|x86
		{EBF1B9FB-E96A-45B9-A7F4-6650BABA8F3C}.Debug|Any CPU.ActiveCfg = Debug|Any CPU
		{EBF1B9FB-E96A-45B9-A7F4-6650BABA8F3C}.Debug|Any CPU.Build.0 = Debug|Any CPU
		{EBF1B9FB-E96A-45B9-A7F4-6650BABA8F3C}.Debug|arm64.ActiveCfg = Debug|Any CPU
		{EBF1B9FB-E96A-45B9-A7F4-6650BABA8F3C}.Debug|arm64.Build.0 = Debug|Any CPU
		{EBF1B9FB-E96A-45B9-A7F4-6650BABA8F3C}.Debug|x64.ActiveCfg = Debug|Any CPU
		{EBF1B9FB-E96A-45B9-A7F4-6650BABA8F3C}.Debug|x64.Build.0 = Debug|Any CPU
		{EBF1B9FB-E96A-45B9-A7F4-6650BABA8F3C}.Debug|x86.ActiveCfg = Debug|Any CPU
		{EBF1B9FB-E96A-45B9-A7F4-6650BABA8F3C}.Debug|x86.Build.0 = Debug|Any CPU
		{EBF1B9FB-E96A-45B9-A7F4-6650BABA8F3C}.Release|Any CPU.ActiveCfg = Release|Any CPU
		{EBF1B9FB-E96A-45B9-A7F4-6650BABA8F3C}.Release|Any CPU.Build.0 = Release|Any CPU
		{EBF1B9FB-E96A-45B9-A7F4-6650BABA8F3C}.Release|arm64.ActiveCfg = Release|Any CPU
		{EBF1B9FB-E96A-45B9-A7F4-6650BABA8F3C}.Release|arm64.Build.0 = Release|Any CPU
		{EBF1B9FB-E96A-45B9-A7F4-6650BABA8F3C}.Release|x64.ActiveCfg = Release|Any CPU
		{EBF1B9FB-E96A-45B9-A7F4-6650BABA8F3C}.Release|x64.Build.0 = Release|Any CPU
		{EBF1B9FB-E96A-45B9-A7F4-6650BABA8F3C}.Release|x86.ActiveCfg = Release|Any CPU
		{EBF1B9FB-E96A-45B9-A7F4-6650BABA8F3C}.Release|x86.Build.0 = Release|Any CPU
		{02A4E456-2C1E-4EB4-8DA0-56985E59EAAB}.Debug|Any CPU.ActiveCfg = Debug|Any CPU
		{02A4E456-2C1E-4EB4-8DA0-56985E59EAAB}.Debug|Any CPU.Build.0 = Debug|Any CPU
		{02A4E456-2C1E-4EB4-8DA0-56985E59EAAB}.Debug|arm64.ActiveCfg = Debug|Any CPU
		{02A4E456-2C1E-4EB4-8DA0-56985E59EAAB}.Debug|arm64.Build.0 = Debug|Any CPU
		{02A4E456-2C1E-4EB4-8DA0-56985E59EAAB}.Debug|x64.ActiveCfg = Debug|Any CPU
		{02A4E456-2C1E-4EB4-8DA0-56985E59EAAB}.Debug|x64.Build.0 = Debug|Any CPU
		{02A4E456-2C1E-4EB4-8DA0-56985E59EAAB}.Debug|x86.ActiveCfg = Debug|Any CPU
		{02A4E456-2C1E-4EB4-8DA0-56985E59EAAB}.Debug|x86.Build.0 = Debug|Any CPU
		{02A4E456-2C1E-4EB4-8DA0-56985E59EAAB}.Release|Any CPU.ActiveCfg = Release|Any CPU
		{02A4E456-2C1E-4EB4-8DA0-56985E59EAAB}.Release|Any CPU.Build.0 = Release|Any CPU
		{02A4E456-2C1E-4EB4-8DA0-56985E59EAAB}.Release|arm64.ActiveCfg = Release|Any CPU
		{02A4E456-2C1E-4EB4-8DA0-56985E59EAAB}.Release|arm64.Build.0 = Release|Any CPU
		{02A4E456-2C1E-4EB4-8DA0-56985E59EAAB}.Release|x64.ActiveCfg = Release|Any CPU
		{02A4E456-2C1E-4EB4-8DA0-56985E59EAAB}.Release|x64.Build.0 = Release|Any CPU
		{02A4E456-2C1E-4EB4-8DA0-56985E59EAAB}.Release|x86.ActiveCfg = Release|Any CPU
		{02A4E456-2C1E-4EB4-8DA0-56985E59EAAB}.Release|x86.Build.0 = Release|Any CPU
		{BCD79406-0F21-48C6-8E7A-B9A289A4CE82}.Debug|Any CPU.ActiveCfg = Debug|Any CPU
		{BCD79406-0F21-48C6-8E7A-B9A289A4CE82}.Debug|Any CPU.Build.0 = Debug|Any CPU
		{BCD79406-0F21-48C6-8E7A-B9A289A4CE82}.Debug|arm64.ActiveCfg = Debug|Any CPU
		{BCD79406-0F21-48C6-8E7A-B9A289A4CE82}.Debug|arm64.Build.0 = Debug|Any CPU
		{BCD79406-0F21-48C6-8E7A-B9A289A4CE82}.Debug|x64.ActiveCfg = Debug|Any CPU
		{BCD79406-0F21-48C6-8E7A-B9A289A4CE82}.Debug|x64.Build.0 = Debug|Any CPU
		{BCD79406-0F21-48C6-8E7A-B9A289A4CE82}.Debug|x86.ActiveCfg = Debug|Any CPU
		{BCD79406-0F21-48C6-8E7A-B9A289A4CE82}.Debug|x86.Build.0 = Debug|Any CPU
		{BCD79406-0F21-48C6-8E7A-B9A289A4CE82}.Release|Any CPU.ActiveCfg = Release|Any CPU
		{BCD79406-0F21-48C6-8E7A-B9A289A4CE82}.Release|Any CPU.Build.0 = Release|Any CPU
		{BCD79406-0F21-48C6-8E7A-B9A289A4CE82}.Release|arm64.ActiveCfg = Release|Any CPU
		{BCD79406-0F21-48C6-8E7A-B9A289A4CE82}.Release|arm64.Build.0 = Release|Any CPU
		{BCD79406-0F21-48C6-8E7A-B9A289A4CE82}.Release|x64.ActiveCfg = Release|Any CPU
		{BCD79406-0F21-48C6-8E7A-B9A289A4CE82}.Release|x64.Build.0 = Release|Any CPU
		{BCD79406-0F21-48C6-8E7A-B9A289A4CE82}.Release|x86.ActiveCfg = Release|Any CPU
		{BCD79406-0F21-48C6-8E7A-B9A289A4CE82}.Release|x86.Build.0 = Release|Any CPU
		{E86EE0EC-2F78-42DC-A382-E28F69D35B15}.Debug|Any CPU.ActiveCfg = Debug|Any CPU
		{E86EE0EC-2F78-42DC-A382-E28F69D35B15}.Debug|Any CPU.Build.0 = Debug|Any CPU
		{E86EE0EC-2F78-42DC-A382-E28F69D35B15}.Debug|arm64.ActiveCfg = Debug|Any CPU
		{E86EE0EC-2F78-42DC-A382-E28F69D35B15}.Debug|arm64.Build.0 = Debug|Any CPU
		{E86EE0EC-2F78-42DC-A382-E28F69D35B15}.Debug|x64.ActiveCfg = Debug|Any CPU
		{E86EE0EC-2F78-42DC-A382-E28F69D35B15}.Debug|x64.Build.0 = Debug|Any CPU
		{E86EE0EC-2F78-42DC-A382-E28F69D35B15}.Debug|x86.ActiveCfg = Debug|Any CPU
		{E86EE0EC-2F78-42DC-A382-E28F69D35B15}.Debug|x86.Build.0 = Debug|Any CPU
		{E86EE0EC-2F78-42DC-A382-E28F69D35B15}.Release|Any CPU.ActiveCfg = Release|Any CPU
		{E86EE0EC-2F78-42DC-A382-E28F69D35B15}.Release|Any CPU.Build.0 = Release|Any CPU
		{E86EE0EC-2F78-42DC-A382-E28F69D35B15}.Release|arm64.ActiveCfg = Release|Any CPU
		{E86EE0EC-2F78-42DC-A382-E28F69D35B15}.Release|arm64.Build.0 = Release|Any CPU
		{E86EE0EC-2F78-42DC-A382-E28F69D35B15}.Release|x64.ActiveCfg = Release|Any CPU
		{E86EE0EC-2F78-42DC-A382-E28F69D35B15}.Release|x64.Build.0 = Release|Any CPU
		{E86EE0EC-2F78-42DC-A382-E28F69D35B15}.Release|x86.ActiveCfg = Release|Any CPU
		{E86EE0EC-2F78-42DC-A382-E28F69D35B15}.Release|x86.Build.0 = Release|Any CPU
	EndGlobalSection
	GlobalSection(SolutionProperties) = preSolution
		HideSolutionNode = FALSE
	EndGlobalSection
	GlobalSection(NestedProjects) = preSolution
		{B0AD3771-23CD-44B0-9595-F87ECCA530B7} = {9DC941DF-609B-4819-B955-5EB58F52223D}
		{D3B42F95-57BD-4FB3-ADFC-07CEABD98E18} = {9DC941DF-609B-4819-B955-5EB58F52223D}
		{43FAF8AC-A8B7-4CFC-A9ED-B48B2B7C7872} = {9DC941DF-609B-4819-B955-5EB58F52223D}
		{28251D3C-CA25-400E-B0AB-053EEE55D094} = {9DC941DF-609B-4819-B955-5EB58F52223D}
		{1BAB0115-17D0-454B-BB64-730639F5F9D3} = {452D599F-BA66-4B2A-BA57-02958AE57C49}
		{AC938032-BA3D-48B0-9ABF-0F342C552208} = {452D599F-BA66-4B2A-BA57-02958AE57C49}
		{3F8BAB9D-4357-47B5-84ED-47C98AC9E57C} = {D3B42F95-57BD-4FB3-ADFC-07CEABD98E18}
		{08755B14-6EBC-4EAE-93A5-B5FE6ECBD900} = {D3B42F95-57BD-4FB3-ADFC-07CEABD98E18}
		{21B38852-8BEB-47C6-9625-830D63514A2F} = {D3B42F95-57BD-4FB3-ADFC-07CEABD98E18}
		{EBF1B9FB-E96A-45B9-A7F4-6650BABA8F3C} = {D3B42F95-57BD-4FB3-ADFC-07CEABD98E18}
		{02A4E456-2C1E-4EB4-8DA0-56985E59EAAB} = {D3B42F95-57BD-4FB3-ADFC-07CEABD98E18}
		{BCD79406-0F21-48C6-8E7A-B9A289A4CE82} = {D3B42F95-57BD-4FB3-ADFC-07CEABD98E18}
		{E86EE0EC-2F78-42DC-A382-E28F69D35B15} = {B0AD3771-23CD-44B0-9595-F87ECCA530B7}
	EndGlobalSection
	GlobalSection(ExtensibilityGlobals) = postSolution
		SolutionGuid = {DCE83169-7DD7-4B14-BF3C-CD67A08679DA}
	EndGlobalSection
EndGlobal
